
Microsoft Visual Studio Solution File, Format Version 12.00
# Visual Studio 15
VisualStudioVersion = 15.0.26430.16
MinimumVisualStudioVersion = 10.0.40219.1
Project("{FAE04EC0-301F-11D3-BF4B-00C04F79EFBC}") = "MovieLibrary", "MovieLibrary.csproj", "{02F46784-AEDC-4A48-98D8-3E6B37062A4C}"
EndProject
Project("{FAE04EC0-301F-11D3-BF4B-00C04F79EFBC}") = "MovieLibraryBL", "..\MovieLibraryBL\MovieLibraryBL.csproj", "{0F3C39D7-A9DF-46B4-9284-C1647DCC40DC}"
EndProject
Global
	GlobalSection(SolutionConfigurationPlatforms) = preSolution
		Debug|Any CPU = Debug|Any CPU
		Debug|ARM = Debug|ARM
		Debug|x64 = Debug|x64
		Debug|x86 = Debug|x86
		Release|Any CPU = Release|Any CPU
		Release|ARM = Release|ARM
		Release|x64 = Release|x64
		Release|x86 = Release|x86
	EndGlobalSection
	GlobalSection(ProjectConfigurationPlatforms) = postSolution
		{02F46784-AEDC-4A48-98D8-3E6B37062A4C}.Debug|Any CPU.ActiveCfg = Debug|x86
		{02F46784-AEDC-4A48-98D8-3E6B37062A4C}.Debug|ARM.ActiveCfg = Debug|ARM
		{02F46784-AEDC-4A48-98D8-3E6B37062A4C}.Debug|ARM.Build.0 = Debug|ARM
		{02F46784-AEDC-4A48-98D8-3E6B37062A4C}.Debug|ARM.Deploy.0 = Debug|ARM
		{02F46784-AEDC-4A48-98D8-3E6B37062A4C}.Debug|x64.ActiveCfg = Debug|x64
		{02F46784-AEDC-4A48-98D8-3E6B37062A4C}.Debug|x64.Build.0 = Debug|x64
		{02F46784-AEDC-4A48-98D8-3E6B37062A4C}.Debug|x64.Deploy.0 = Debug|x64
		{02F46784-AEDC-4A48-98D8-3E6B37062A4C}.Debug|x86.ActiveCfg = Debug|x86
		{02F46784-AEDC-4A48-98D8-3E6B37062A4C}.Debug|x86.Build.0 = Debug|x86
		{02F46784-AEDC-4A48-98D8-3E6B37062A4C}.Debug|x86.Deploy.0 = Debug|x86
		{02F46784-AEDC-4A48-98D8-3E6B37062A4C}.Release|Any CPU.ActiveCfg = Release|x86
		{02F46784-AEDC-4A48-98D8-3E6B37062A4C}.Release|ARM.ActiveCfg = Release|ARM
		{02F46784-AEDC-4A48-98D8-3E6B37062A4C}.Release|ARM.Build.0 = Release|ARM
		{02F46784-AEDC-4A48-98D8-3E6B37062A4C}.Release|ARM.Deploy.0 = Release|ARM
		{02F46784-AEDC-4A48-98D8-3E6B37062A4C}.Release|x64.ActiveCfg = Release|x64
		{02F46784-AEDC-4A48-98D8-3E6B37062A4C}.Release|x64.Build.0 = Release|x64
		{02F46784-AEDC-4A48-98D8-3E6B37062A4C}.Release|x64.Deploy.0 = Release|x64
		{02F46784-AEDC-4A48-98D8-3E6B37062A4C}.Release|x86.ActiveCfg = Release|x86
		{02F46784-AEDC-4A48-98D8-3E6B37062A4C}.Release|x86.Build.0 = Release|x86
		{02F46784-AEDC-4A48-98D8-3E6B37062A4C}.Release|x86.Deploy.0 = Release|x86
		{0F3C39D7-A9DF-46B4-9284-C1647DCC40DC}.Debug|Any CPU.ActiveCfg = Debug|Any CPU
		{0F3C39D7-A9DF-46B4-9284-C1647DCC40DC}.Debug|Any CPU.Build.0 = Debug|Any CPU
		{0F3C39D7-A9DF-46B4-9284-C1647DCC40DC}.Debug|ARM.ActiveCfg = Debug|ARM
		{0F3C39D7-A9DF-46B4-9284-C1647DCC40DC}.Debug|ARM.Build.0 = Debug|ARM
		{0F3C39D7-A9DF-46B4-9284-C1647DCC40DC}.Debug|x64.ActiveCfg = Debug|x64
		{0F3C39D7-A9DF-46B4-9284-C1647DCC40DC}.Debug|x64.Build.0 = Debug|x64
		{0F3C39D7-A9DF-46B4-9284-C1647DCC40DC}.Debug|x86.ActiveCfg = Debug|x86
		{0F3C39D7-A9DF-46B4-9284-C1647DCC40DC}.Debug|x86.Build.0 = Debug|x86
		{0F3C39D7-A9DF-46B4-9284-C1647DCC40DC}.Release|Any CPU.ActiveCfg = Release|Any CPU
		{0F3C39D7-A9DF-46B4-9284-C1647DCC40DC}.Release|Any CPU.Build.0 = Release|Any CPU
		{0F3C39D7-A9DF-46B4-9284-C1647DCC40DC}.Release|ARM.ActiveCfg = Release|ARM
		{0F3C39D7-A9DF-46B4-9284-C1647DCC40DC}.Release|ARM.Build.0 = Release|ARM
		{0F3C39D7-A9DF-46B4-9284-C1647DCC40DC}.Release|x64.ActiveCfg = Release|x64
		{0F3C39D7-A9DF-46B4-9284-C1647DCC40DC}.Release|x64.Build.0 = Release|x64
		{0F3C39D7-A9DF-46B4-9284-C1647DCC40DC}.Release|x86.ActiveCfg = Release|x86
		{0F3C39D7-A9DF-46B4-9284-C1647DCC40DC}.Release|x86.Build.0 = Release|x86
	EndGlobalSection
	GlobalSection(SolutionProperties) = preSolution
		HideSolutionNode = FALSE
	EndGlobalSection
EndGlobal
